
Microsoft Visual Studio Solution File, Format Version 12.00
# Visual Studio 15
VisualStudioVersion = 15.0.28010.2003
MinimumVisualStudioVersion = 10.0.40219.1
Project("{FAE04EC0-301F-11D3-BF4B-00C04F79EFBC}") = "Entidades", "Entidades\Entidades.csproj", "{61E3DDC5-9C8B-48AD-BD7A-AAE0012035CD}"
EndProject
Project("{FAE04EC0-301F-11D3-BF4B-00C04F79EFBC}") = "MiCalculadora", "MiCalculadora\MiCalculadora.csproj", "{748BB4D1-3101-43FA-8AF0-41B8DAC6CA85}"
EndProject
Global
	GlobalSection(SolutionConfigurationPlatforms) = preSolution
		Debug|Any CPU = Debug|Any CPU
		Release|Any CPU = Release|Any CPU
	EndGlobalSection
	GlobalSection(ProjectConfigurationPlatforms) = postSolution
		{61E3DDC5-9C8B-48AD-BD7A-AAE0012035CD}.Debug|Any CPU.ActiveCfg = Debug|Any CPU
		{61E3DDC5-9C8B-48AD-BD7A-AAE0012035CD}.Debug|Any CPU.Build.0 = Debug|Any CPU
		{61E3DDC5-9C8B-48AD-BD7A-AAE0012035CD}.Release|Any CPU.ActiveCfg = Release|Any CPU
		{61E3DDC5-9C8B-48AD-BD7A-AAE0012035CD}.Release|Any CPU.Build.0 = Release|Any CPU
		{748BB4D1-3101-43FA-8AF0-41B8DAC6CA85}.Debug|Any CPU.ActiveCfg = Debug|Any CPU
		{748BB4D1-3101-43FA-8AF0-41B8DAC6CA85}.Debug|Any CPU.Build.0 = Debug|Any CPU
		{748BB4D1-3101-43FA-8AF0-41B8DAC6CA85}.Release|Any CPU.ActiveCfg = Release|Any CPU
		{748BB4D1-3101-43FA-8AF0-41B8DAC6CA85}.Release|Any CPU.Build.0 = Release|Any CPU
	EndGlobalSection
	GlobalSection(SolutionProperties) = preSolution
		HideSolutionNode = FALSE
	EndGlobalSection
	GlobalSection(ExtensibilityGlobals) = postSolution
		SolutionGuid = {69D740E7-8634-4ACF-8CF8-55ED5CB21200}
	EndGlobalSection
EndGlobal
