
Microsoft Visual Studio Solution File, Format Version 12.00
# Visual Studio 15
VisualStudioVersion = 15.0.28010.2003
MinimumVisualStudioVersion = 10.0.40219.1
Project("{FAE04EC0-301F-11D3-BF4B-00C04F79EFBC}") = "Entidades", "Entidades\Entidades.csproj", "{52C2E977-4D72-4185-8598-3F0EF3DCBF3F}"
EndProject
Project("{FAE04EC0-301F-11D3-BF4B-00C04F79EFBC}") = "TP-03", "TP-03\TP-03.csproj", "{3DB8D9C8-D5F0-4CE5-8D85-13C02E7FBC34}"
EndProject
Global
	GlobalSection(SolutionConfigurationPlatforms) = preSolution
		Debug|Any CPU = Debug|Any CPU
		Release|Any CPU = Release|Any CPU
	EndGlobalSection
	GlobalSection(ProjectConfigurationPlatforms) = postSolution
		{52C2E977-4D72-4185-8598-3F0EF3DCBF3F}.Debug|Any CPU.ActiveCfg = Debug|Any CPU
		{52C2E977-4D72-4185-8598-3F0EF3DCBF3F}.Debug|Any CPU.Build.0 = Debug|Any CPU
		{52C2E977-4D72-4185-8598-3F0EF3DCBF3F}.Release|Any CPU.ActiveCfg = Release|Any CPU
		{52C2E977-4D72-4185-8598-3F0EF3DCBF3F}.Release|Any CPU.Build.0 = Release|Any CPU
		{3DB8D9C8-D5F0-4CE5-8D85-13C02E7FBC34}.Debug|Any CPU.ActiveCfg = Debug|Any CPU
		{3DB8D9C8-D5F0-4CE5-8D85-13C02E7FBC34}.Debug|Any CPU.Build.0 = Debug|Any CPU
		{3DB8D9C8-D5F0-4CE5-8D85-13C02E7FBC34}.Release|Any CPU.ActiveCfg = Release|Any CPU
		{3DB8D9C8-D5F0-4CE5-8D85-13C02E7FBC34}.Release|Any CPU.Build.0 = Release|Any CPU
	EndGlobalSection
	GlobalSection(SolutionProperties) = preSolution
		HideSolutionNode = FALSE
	EndGlobalSection
	GlobalSection(ExtensibilityGlobals) = postSolution
		SolutionGuid = {77D2B5AF-5E12-4790-9919-71BBE8EA0015}
	EndGlobalSection
EndGlobal
